
Microsoft Visual Studio Solution File, Format Version 12.00
# Visual Studio Version 16
VisualStudioVersion = 16.0.29728.190
MinimumVisualStudioVersion = 10.0.40219.1
Project("{2150E333-8FDC-42A3-9474-1A3956D46DE8}") = "src", "src", "{0093BB9E-B5D3-4B5F-AA7B-BB92AB20171B}"
EndProject
Project("{2150E333-8FDC-42A3-9474-1A3956D46DE8}") = "1. Backend", "1. Backend", "{D6A5CD42-286C-485E-BD9C-619DAD805D25}"
EndProject
Project("{2150E333-8FDC-42A3-9474-1A3956D46DE8}") = "2. Application", "2. Application", "{2CA9D757-1B0F-448E-B76B-5771E25519A3}"
EndProject
Project("{2150E333-8FDC-42A3-9474-1A3956D46DE8}") = "3. Domain", "3. Domain", "{7D9C2AB5-55F3-493F-8902-86AD226FD110}"
EndProject
Project("{2150E333-8FDC-42A3-9474-1A3956D46DE8}") = "4. Infrastructure", "4. Infrastructure", "{2B9026FD-CE40-4A3D-AAEF-D8388470AE02}"
EndProject
Project("{2150E333-8FDC-42A3-9474-1A3956D46DE8}") = "5. CrossCutting", "5. CrossCutting", "{0E8CDF19-59FB-40DC-BDC3-C9C613C77273}"
EndProject
Project("{2150E333-8FDC-42A3-9474-1A3956D46DE8}") = "test", "test", "{1A83B22E-4B87-4622-9344-79CA57FFEA92}"
EndProject
Project("{2150E333-8FDC-42A3-9474-1A3956D46DE8}") = "1. Unit", "1. Unit", "{76923C51-C6E0-4CCF-8457-FE6F1554C025}"
EndProject
Project("{2150E333-8FDC-42A3-9474-1A3956D46DE8}") = "2. Integration", "2. Integration", "{4B8C8277-331E-41C2-8C93-B62BFFAB54E7}"
EndProject
Project("{9A19103F-16F7-4668-BE54-9A1E7A4F7556}") = "System.Process.UnitTests", "test\unit\System.Process.UnitTests\System.Process.UnitTests.csproj", "{33C94852-D316-4DC0-A3AD-7E9C9B76192D}"
EndProject
Project("{9A19103F-16F7-4668-BE54-9A1E7A4F7556}") = "System.Process.IntegrationTests", "test\integration\System.Process.IntegrationTests\System.Process.IntegrationTests.csproj", "{CFBC4A1D-947C-446F-9FE2-ACC031A4234E}"
EndProject
Project("{9A19103F-16F7-4668-BE54-9A1E7A4F7556}") = "System.Process.Worker", "src\System.Process.Worker\System.Process.Worker.csproj", "{1EE5B4EB-4865-45A4-B9DD-2093B6AC9934}"
EndProject
Project("{9A19103F-16F7-4668-BE54-9A1E7A4F7556}") = "System.Process.Application", "src\System.Process.Application\System.Process.Application.csproj", "{037C7BDB-901E-4088-82F9-98CC40D4F617}"
EndProject
Project("{9A19103F-16F7-4668-BE54-9A1E7A4F7556}") = "System.Process.Domain", "src\System.Process.Domain\System.Process.Domain.csproj", "{D6B20B64-581B-4898-A22E-0E7C408B09A8}"
EndProject
Project("{9A19103F-16F7-4668-BE54-9A1E7A4F7556}") = "System.Process.Infrastructure", "src\System.Process.Infrastructure\System.Process.Infrastructure.csproj", "{B85A62AD-2BDC-4375-B378-47D1C1057908}"
EndProject
Project("{9A19103F-16F7-4668-BE54-9A1E7A4F7556}") = "System.Process.CrossCutting", "src\System.Process.CrossCutting\System.Process.CrossCutting.csproj", "{C806B5FC-5012-4E1C-B119-4AE29EDB079D}"
EndProject
Project("{9A19103F-16F7-4668-BE54-9A1E7A4F7556}") = "System.Process.Api", "src\System.Process.Api\System.Process.Api.csproj", "{B40FF440-099C-4F56-B3D6-B749EBE54687}"
EndProject
Project("{9A19103F-16F7-4668-BE54-9A1E7A4F7556}") = "System.Process.Base.IntegrationTests", "test\integration\System.Process.Base.IntegrationTests\System.Process.Base.IntegrationTests.csproj", "{0ADE624E-ADCF-45E4-8375-E25A113A9D49}"
EndProject
Project("{9A19103F-16F7-4668-BE54-9A1E7A4F7556}") = "System.Process.Base.UnitTests", "test\unit\System.Process.Base.UnitTests\System.Process.Base.UnitTests.csproj", "{3624AAF3-6A71-4889-9F36-C9447C161CD2}"
EndProject
Global
	GlobalSection(SolutionConfigurationPlatforms) = preSolution
		Debug|Any CPU = Debug|Any CPU
		Release|Any CPU = Release|Any CPU
	EndGlobalSection
	GlobalSection(ProjectConfigurationPlatforms) = postSolution
		{33C94852-D316-4DC0-A3AD-7E9C9B76192D}.Debug|Any CPU.ActiveCfg = Debug|Any CPU
		{33C94852-D316-4DC0-A3AD-7E9C9B76192D}.Debug|Any CPU.Build.0 = Debug|Any CPU
		{33C94852-D316-4DC0-A3AD-7E9C9B76192D}.Release|Any CPU.ActiveCfg = Release|Any CPU
		{33C94852-D316-4DC0-A3AD-7E9C9B76192D}.Release|Any CPU.Build.0 = Release|Any CPU
		{CFBC4A1D-947C-446F-9FE2-ACC031A4234E}.Debug|Any CPU.ActiveCfg = Debug|Any CPU
		{CFBC4A1D-947C-446F-9FE2-ACC031A4234E}.Debug|Any CPU.Build.0 = Debug|Any CPU
		{CFBC4A1D-947C-446F-9FE2-ACC031A4234E}.Release|Any CPU.ActiveCfg = Release|Any CPU
		{CFBC4A1D-947C-446F-9FE2-ACC031A4234E}.Release|Any CPU.Build.0 = Release|Any CPU
		{1EE5B4EB-4865-45A4-B9DD-2093B6AC9934}.Debug|Any CPU.ActiveCfg = Debug|Any CPU
		{1EE5B4EB-4865-45A4-B9DD-2093B6AC9934}.Debug|Any CPU.Build.0 = Debug|Any CPU
		{1EE5B4EB-4865-45A4-B9DD-2093B6AC9934}.Release|Any CPU.ActiveCfg = Release|Any CPU
		{1EE5B4EB-4865-45A4-B9DD-2093B6AC9934}.Release|Any CPU.Build.0 = Release|Any CPU
		{037C7BDB-901E-4088-82F9-98CC40D4F617}.Debug|Any CPU.ActiveCfg = Debug|Any CPU
		{037C7BDB-901E-4088-82F9-98CC40D4F617}.Debug|Any CPU.Build.0 = Debug|Any CPU
		{037C7BDB-901E-4088-82F9-98CC40D4F617}.Release|Any CPU.ActiveCfg = Release|Any CPU
		{037C7BDB-901E-4088-82F9-98CC40D4F617}.Release|Any CPU.Build.0 = Release|Any CPU
		{D6B20B64-581B-4898-A22E-0E7C408B09A8}.Debug|Any CPU.ActiveCfg = Debug|Any CPU
		{D6B20B64-581B-4898-A22E-0E7C408B09A8}.Debug|Any CPU.Build.0 = Debug|Any CPU
		{D6B20B64-581B-4898-A22E-0E7C408B09A8}.Release|Any CPU.ActiveCfg = Release|Any CPU
		{D6B20B64-581B-4898-A22E-0E7C408B09A8}.Release|Any CPU.Build.0 = Release|Any CPU
		{B85A62AD-2BDC-4375-B378-47D1C1057908}.Debug|Any CPU.ActiveCfg = Debug|Any CPU
		{B85A62AD-2BDC-4375-B378-47D1C1057908}.Debug|Any CPU.Build.0 = Debug|Any CPU
		{B85A62AD-2BDC-4375-B378-47D1C1057908}.Release|Any CPU.ActiveCfg = Release|Any CPU
		{B85A62AD-2BDC-4375-B378-47D1C1057908}.Release|Any CPU.Build.0 = Release|Any CPU
		{C806B5FC-5012-4E1C-B119-4AE29EDB079D}.Debug|Any CPU.ActiveCfg = Debug|Any CPU
		{C806B5FC-5012-4E1C-B119-4AE29EDB079D}.Debug|Any CPU.Build.0 = Debug|Any CPU
		{C806B5FC-5012-4E1C-B119-4AE29EDB079D}.Release|Any CPU.ActiveCfg = Release|Any CPU
		{C806B5FC-5012-4E1C-B119-4AE29EDB079D}.Release|Any CPU.Build.0 = Release|Any CPU
		{B40FF440-099C-4F56-B3D6-B749EBE54687}.Debug|Any CPU.ActiveCfg = Debug|Any CPU
		{B40FF440-099C-4F56-B3D6-B749EBE54687}.Debug|Any CPU.Build.0 = Debug|Any CPU
		{B40FF440-099C-4F56-B3D6-B749EBE54687}.Release|Any CPU.ActiveCfg = Release|Any CPU
		{B40FF440-099C-4F56-B3D6-B749EBE54687}.Release|Any CPU.Build.0 = Release|Any CPU
		{0ADE624E-ADCF-45E4-8375-E25A113A9D49}.Debug|Any CPU.ActiveCfg = Debug|Any CPU
		{0ADE624E-ADCF-45E4-8375-E25A113A9D49}.Debug|Any CPU.Build.0 = Debug|Any CPU
		{0ADE624E-ADCF-45E4-8375-E25A113A9D49}.Release|Any CPU.ActiveCfg = Release|Any CPU
		{0ADE624E-ADCF-45E4-8375-E25A113A9D49}.Release|Any CPU.Build.0 = Release|Any CPU
		{3624AAF3-6A71-4889-9F36-C9447C161CD2}.Debug|Any CPU.ActiveCfg = Debug|Any CPU
		{3624AAF3-6A71-4889-9F36-C9447C161CD2}.Debug|Any CPU.Build.0 = Debug|Any CPU
		{3624AAF3-6A71-4889-9F36-C9447C161CD2}.Release|Any CPU.ActiveCfg = Release|Any CPU
		{3624AAF3-6A71-4889-9F36-C9447C161CD2}.Release|Any CPU.Build.0 = Release|Any CPU
	EndGlobalSection
	GlobalSection(SolutionProperties) = preSolution
		HideSolutionNode = FALSE
	EndGlobalSection
	GlobalSection(NestedProjects) = preSolution
		{D6A5CD42-286C-485E-BD9C-619DAD805D25} = {0093BB9E-B5D3-4B5F-AA7B-BB92AB20171B}
		{2CA9D757-1B0F-448E-B76B-5771E25519A3} = {0093BB9E-B5D3-4B5F-AA7B-BB92AB20171B}
		{7D9C2AB5-55F3-493F-8902-86AD226FD110} = {0093BB9E-B5D3-4B5F-AA7B-BB92AB20171B}
		{2B9026FD-CE40-4A3D-AAEF-D8388470AE02} = {0093BB9E-B5D3-4B5F-AA7B-BB92AB20171B}
		{0E8CDF19-59FB-40DC-BDC3-C9C613C77273} = {0093BB9E-B5D3-4B5F-AA7B-BB92AB20171B}
		{76923C51-C6E0-4CCF-8457-FE6F1554C025} = {1A83B22E-4B87-4622-9344-79CA57FFEA92}
		{4B8C8277-331E-41C2-8C93-B62BFFAB54E7} = {1A83B22E-4B87-4622-9344-79CA57FFEA92}
		{33C94852-D316-4DC0-A3AD-7E9C9B76192D} = {76923C51-C6E0-4CCF-8457-FE6F1554C025}
		{CFBC4A1D-947C-446F-9FE2-ACC031A4234E} = {4B8C8277-331E-41C2-8C93-B62BFFAB54E7}
		{1EE5B4EB-4865-45A4-B9DD-2093B6AC9934} = {D6A5CD42-286C-485E-BD9C-619DAD805D25}
		{037C7BDB-901E-4088-82F9-98CC40D4F617} = {2CA9D757-1B0F-448E-B76B-5771E25519A3}
		{D6B20B64-581B-4898-A22E-0E7C408B09A8} = {7D9C2AB5-55F3-493F-8902-86AD226FD110}
		{B85A62AD-2BDC-4375-B378-47D1C1057908} = {2B9026FD-CE40-4A3D-AAEF-D8388470AE02}
		{C806B5FC-5012-4E1C-B119-4AE29EDB079D} = {0E8CDF19-59FB-40DC-BDC3-C9C613C77273}
		{B40FF440-099C-4F56-B3D6-B749EBE54687} = {D6A5CD42-286C-485E-BD9C-619DAD805D25}
		{0ADE624E-ADCF-45E4-8375-E25A113A9D49} = {4B8C8277-331E-41C2-8C93-B62BFFAB54E7}
		{3624AAF3-6A71-4889-9F36-C9447C161CD2} = {76923C51-C6E0-4CCF-8457-FE6F1554C025}
	EndGlobalSection
	GlobalSection(ExtensibilityGlobals) = postSolution
		SolutionGuid = {1FEF279A-DCBE-4DCC-AFC6-71AD7487D26F}
	EndGlobalSection
EndGlobal
